PODS:
  - AloeStackView (1.2.0)
  - RxCocoa (6.5.0):
    - RxRelay (= 6.5.0)
    - RxSwift (= 6.5.0)
  - RxRelay (6.5.0):
    - RxSwift (= 6.5.0)
  - RxSwift (6.5.0)
  - SwiftGen (6.5.1)
  - SwiftLint (0.47.1)
  - TinyConstraints (4.0.2)

DEPENDENCIES:
  - AloeStackView
  - RxCocoa
  - RxSwift
  - SwiftGen (~> 6.0)
  - SwiftLint
  - TinyConstraints

SPEC REPOS:
  trunk:
    - AloeStackView
    - RxCocoa
    - RxRelay
    - RxSwift
    - SwiftGen
    - SwiftLint
    - TinyConstraints

SPEC CHECKSUMS:
  AloeStackView: 8a4ce0efa08128dd78d538372f60c76c224034bb
  RxCocoa: 94f817b71c07517321eb4f9ad299112ca8af743b
  RxRelay: 1de1523e604c72b6c68feadedd1af3b1b4d0ecbd
  RxSwift: 5710a9e6b17f3c3d6e40d6e559b9fa1e813b2ef8
  SwiftGen: a6d22010845f08fe18fbdf3a07a8e380fd22e0ea
  SwiftLint: f80f1be7fa96d30e0aa68e58d45d4ea1ccaac519
  TinyConstraints: 7b7ccc0c485bb3bb47082138ff28bc33cd49897f

PODFILE CHECKSUM: b17f20ac6fbfcb8aa1b66c8c315fd2ac409c568b

COCOAPODS: 1.11.3
